
Microsoft Visual Studio Solution File, Format Version 12.00
# Visual Studio Version 17
VisualStudioVersion = 17.12.35707.178
MinimumVisualStudioVersion = 10.0.40219.1
Project("{FAE04EC0-301F-11D3-BF4B-00C04F79EFBC}") = "ConverseEditor", "FcoEditor\ConverseEditor.csproj", "{0DC3121C-495A-4BF0-959E-8EE839642923}"
EndProject
Project("{FAE04EC0-301F-11D3-BF4B-00C04F79EFBC}") = "Amicitia.IO", "libfco\Amicitia.IO\src\Amicitia.IO\Amicitia.IO.csproj", "{869379D1-7806-4BC4-A9B7-76DF1CDA5E58}"
EndProject
Project("{FAE04EC0-301F-11D3-BF4B-00C04F79EFBC}") = "libfco", "libfco\Source\libfco.csproj", "{2739FDEE-7259-4662-A274-2DCE54C3A673}"
EndProject
Project("{FAE04EC0-301F-11D3-BF4B-00C04F79EFBC}") = "StbTrueTypeSharp", "StbTrueTypeSharp\src\StbTrueTypeSharp.csproj", "{A81C8741-AD83-4425-89BD-844871AB531B}"
EndProject
Global
	GlobalSection(SolutionConfigurationPlatforms) = preSolution
		Debug|Any CPU = Debug|Any CPU
		Debug|x64 = Debug|x64
		Release|Any CPU = Release|Any CPU
		Release|x64 = Release|x64
	EndGlobalSection
	GlobalSection(ProjectConfigurationPlatforms) = postSolution
		{0DC3121C-495A-4BF0-959E-8EE839642923}.Debug|Any CPU.ActiveCfg = Debug|Any CPU
		{0DC3121C-495A-4BF0-959E-8EE839642923}.Debug|Any CPU.Build.0 = Debug|Any CPU
		{0DC3121C-495A-4BF0-959E-8EE839642923}.Debug|x64.ActiveCfg = Debug|Any CPU
		{0DC3121C-495A-4BF0-959E-8EE839642923}.Debug|x64.Build.0 = Debug|Any CPU
		{0DC3121C-495A-4BF0-959E-8EE839642923}.Release|Any CPU.ActiveCfg = Release|Any CPU
		{0DC3121C-495A-4BF0-959E-8EE839642923}.Release|Any CPU.Build.0 = Release|Any CPU
		{0DC3121C-495A-4BF0-959E-8EE839642923}.Release|x64.ActiveCfg = Release|Any CPU
		{0DC3121C-495A-4BF0-959E-8EE839642923}.Release|x64.Build.0 = Release|Any CPU
		{869379D1-7806-4BC4-A9B7-76DF1CDA5E58}.Debug|Any CPU.ActiveCfg = Debug|Any CPU
		{869379D1-7806-4BC4-A9B7-76DF1CDA5E58}.Debug|Any CPU.Build.0 = Debug|Any CPU
		{869379D1-7806-4BC4-A9B7-76DF1CDA5E58}.Debug|x64.ActiveCfg = Debug|Any CPU
		{869379D1-7806-4BC4-A9B7-76DF1CDA5E58}.Debug|x64.Build.0 = Debug|Any CPU
		{869379D1-7806-4BC4-A9B7-76DF1CDA5E58}.Release|Any CPU.ActiveCfg = Release|Any CPU
		{869379D1-7806-4BC4-A9B7-76DF1CDA5E58}.Release|Any CPU.Build.0 = Release|Any CPU
		{869379D1-7806-4BC4-A9B7-76DF1CDA5E58}.Release|x64.ActiveCfg = Release|Any CPU
		{869379D1-7806-4BC4-A9B7-76DF1CDA5E58}.Release|x64.Build.0 = Release|Any CPU
		{2739FDEE-7259-4662-A274-2DCE54C3A673}.Debug|Any CPU.ActiveCfg = Debug|Any CPU
		{2739FDEE-7259-4662-A274-2DCE54C3A673}.Debug|Any CPU.Build.0 = Debug|Any CPU
		{2739FDEE-7259-4662-A274-2DCE54C3A673}.Debug|x64.ActiveCfg = Debug|Any CPU
		{2739FDEE-7259-4662-A274-2DCE54C3A673}.Debug|x64.Build.0 = Debug|Any CPU
		{2739FDEE-7259-4662-A274-2DCE54C3A673}.Release|Any CPU.ActiveCfg = Release|Any CPU
		{2739FDEE-7259-4662-A274-2DCE54C3A673}.Release|Any CPU.Build.0 = Release|Any CPU
		{2739FDEE-7259-4662-A274-2DCE54C3A673}.Release|x64.ActiveCfg = Release|Any CPU
		{2739FDEE-7259-4662-A274-2DCE54C3A673}.Release|x64.Build.0 = Release|Any CPU
		{A81C8741-AD83-4425-89BD-844871AB531B}.Debug|Any CPU.ActiveCfg = Debug|Any CPU
		{A81C8741-AD83-4425-89BD-844871AB531B}.Debug|Any CPU.Build.0 = Debug|Any CPU
		{A81C8741-AD83-4425-89BD-844871AB531B}.Debug|x64.ActiveCfg = Debug|Any CPU
		{A81C8741-AD83-4425-89BD-844871AB531B}.Debug|x64.Build.0 = Debug|Any CPU
		{A81C8741-AD83-4425-89BD-844871AB531B}.Release|Any CPU.ActiveCfg = Release|Any CPU
		{A81C8741-AD83-4425-89BD-844871AB531B}.Release|Any CPU.Build.0 = Release|Any CPU
		{A81C8741-AD83-4425-89BD-844871AB531B}.Release|x64.ActiveCfg = Release|Any CPU
		{A81C8741-AD83-4425-89BD-844871AB531B}.Release|x64.Build.0 = Release|Any CPU
	EndGlobalSection
	GlobalSection(SolutionProperties) = preSolution
		HideSolutionNode = FALSE
	EndGlobalSection
	GlobalSection(ExtensibilityGlobals) = postSolution
		SolutionGuid = {81B8CF7A-7C8C-46CF-A698-DE0A51B5AA13}
	EndGlobalSection
EndGlobal
